
Microsoft Visual Studio Solution File, Format Version 12.00
# Visual Studio Version 17
VisualStudioVersion = 17.3.32922.545
MinimumVisualStudioVersion = 10.0.40219.1
Project("{FAE04EC0-301F-11D3-BF4B-00C04F79EFBC}") = "поворотPictureBox", "поворотPictureBox\поворотPictureBox.csproj", "{50E0552A-986B-42EF-B369-212F38A29104}"
EndProject
Project("{FAE04EC0-301F-11D3-BF4B-00C04F79EFBC}") = "UnitTestProject1", "UnitTestProject1\UnitTestProject1.csproj", "{8755993A-9A99-4B29-A105-442B02D16103}"
EndProject
Global
	GlobalSection(SolutionConfigurationPlatforms) = preSolution
		Debug|Any CPU = Debug|Any CPU
		Release|Any CPU = Release|Any CPU
	EndGlobalSection
	GlobalSection(ProjectConfigurationPlatforms) = postSolution
		{50E0552A-986B-42EF-B369-212F38A29104}.Debug|Any CPU.ActiveCfg = Debug|Any CPU
		{50E0552A-986B-42EF-B369-212F38A29104}.Debug|Any CPU.Build.0 = Debug|Any CPU
		{50E0552A-986B-42EF-B369-212F38A29104}.Release|Any CPU.ActiveCfg = Release|Any CPU
		{50E0552A-986B-42EF-B369-212F38A29104}.Release|Any CPU.Build.0 = Release|Any CPU
		{8755993A-9A99-4B29-A105-442B02D16103}.Debug|Any CPU.ActiveCfg = Debug|Any CPU
		{8755993A-9A99-4B29-A105-442B02D16103}.Debug|Any CPU.Build.0 = Debug|Any CPU
		{8755993A-9A99-4B29-A105-442B02D16103}.Release|Any CPU.ActiveCfg = Release|Any CPU
		{8755993A-9A99-4B29-A105-442B02D16103}.Release|Any CPU.Build.0 = Release|Any CPU
	EndGlobalSection
	GlobalSection(SolutionProperties) = preSolution
		HideSolutionNode = FALSE
	EndGlobalSection
	GlobalSection(ExtensibilityGlobals) = postSolution
		SolutionGuid = {76F4773C-6DAE-49A6-90A2-7704D059B729}
	EndGlobalSection
EndGlobal
